
Microsoft Visual Studio Solution File, Format Version 12.00
# Visual Studio 15
VisualStudioVersion = 15.0.28307.1684
MinimumVisualStudioVersion = 10.0.40219.1
Project("{FAE04EC0-301F-11D3-BF4B-00C04F79EFBC}") = "MobileTrab01.Android", "MobileTrab01\MobileTrab01.Android\MobileTrab01.Android.csproj", "{2A3B11E0-C06F-4589-BBA2-0A95A12E767F}"
EndProject
Project("{FAE04EC0-301F-11D3-BF4B-00C04F79EFBC}") = "MobileTrab01.iOS", "MobileTrab01\MobileTrab01.iOS\MobileTrab01.iOS.csproj", "{B370788B-8B69-4889-8FF2-D43159CD9D6A}"
EndProject
Project("{FAE04EC0-301F-11D3-BF4B-00C04F79EFBC}") = "MobileTrab01.UWP", "MobileTrab01\MobileTrab01.UWP\MobileTrab01.UWP.csproj", "{E1FDC600-C598-4CEE-9077-8FFBF960D1E4}"
EndProject
Project("{FAE04EC0-301F-11D3-BF4B-00C04F79EFBC}") = "MobileTrab01", "MobileTrab01\MobileTrab01\MobileTrab01.csproj", "{89495049-EC0F-4863-88F0-296922F0D593}"
EndProject
Global
	GlobalSection(SolutionConfigurationPlatforms) = preSolution
		Ad-Hoc|Any CPU = Ad-Hoc|Any CPU
		Ad-Hoc|ARM = Ad-Hoc|ARM
		Ad-Hoc|iPhone = Ad-Hoc|iPhone
		Ad-Hoc|iPhoneSimulator = Ad-Hoc|iPhoneSimulator
		Ad-Hoc|x64 = Ad-Hoc|x64
		Ad-Hoc|x86 = Ad-Hoc|x86
		AppStore|Any CPU = AppStore|Any CPU
		AppStore|ARM = AppStore|ARM
		AppStore|iPhone = AppStore|iPhone
		AppStore|iPhoneSimulator = AppStore|iPhoneSimulator
		AppStore|x64 = AppStore|x64
		AppStore|x86 = AppStore|x86
		Debug|Any CPU = Debug|Any CPU
		Debug|ARM = Debug|ARM
		Debug|iPhone = Debug|iPhone
		Debug|iPhoneSimulator = Debug|iPhoneSimulator
		Debug|x64 = Debug|x64
		Debug|x86 = Debug|x86
		Release|Any CPU = Release|Any CPU
		Release|ARM = Release|ARM
		Release|iPhone = Release|iPhone
		Release|iPhoneSimulator = Release|iPhoneSimulator
		Release|x64 = Release|x64
		Release|x86 = Release|x86
	EndGlobalSection
	GlobalSection(ProjectConfigurationPlatforms) = postSolution
		{2A3B11E0-C06F-4589-BBA2-0A95A12E767F}.Ad-Hoc|Any CPU.ActiveCfg = Release|Any CPU
		{2A3B11E0-C06F-4589-BBA2-0A95A12E767F}.Ad-Hoc|Any CPU.Build.0 = Release|Any CPU
		{2A3B11E0-C06F-4589-BBA2-0A95A12E767F}.Ad-Hoc|Any CPU.Deploy.0 = Release|Any CPU
		{2A3B11E0-C06F-4589-BBA2-0A95A12E767F}.Ad-Hoc|ARM.ActiveCfg = Release|Any CPU
		{2A3B11E0-C06F-4589-BBA2-0A95A12E767F}.Ad-Hoc|ARM.Build.0 = Release|Any CPU
		{2A3B11E0-C06F-4589-BBA2-0A95A12E767F}.Ad-Hoc|ARM.Deploy.0 = Release|Any CPU
		{2A3B11E0-C06F-4589-BBA2-0A95A12E767F}.Ad-Hoc|iPhone.ActiveCfg = Release|Any CPU
		{2A3B11E0-C06F-4589-BBA2-0A95A12E767F}.Ad-Hoc|iPhone.Build.0 = Release|Any CPU
		{2A3B11E0-C06F-4589-BBA2-0A95A12E767F}.Ad-Hoc|iPhone.Deploy.0 = Release|Any CPU
		{2A3B11E0-C06F-4589-BBA2-0A95A12E767F}.Ad-Hoc|iPhoneSimulator.ActiveCfg = Release|Any CPU
		{2A3B11E0-C06F-4589-BBA2-0A95A12E767F}.Ad-Hoc|iPhoneSimulator.Build.0 = Release|Any CPU
		{2A3B11E0-C06F-4589-BBA2-0A95A12E767F}.Ad-Hoc|iPhoneSimulator.Deploy.0 = Release|Any CPU
		{2A3B11E0-C06F-4589-BBA2-0A95A12E767F}.Ad-Hoc|x64.ActiveCfg = Release|Any CPU
		{2A3B11E0-C06F-4589-BBA2-0A95A12E767F}.Ad-Hoc|x64.Build.0 = Release|Any CPU
		{2A3B11E0-C06F-4589-BBA2-0A95A12E767F}.Ad-Hoc|x64.Deploy.0 = Release|Any CPU
		{2A3B11E0-C06F-4589-BBA2-0A95A12E767F}.Ad-Hoc|x86.ActiveCfg = Release|Any CPU
		{2A3B11E0-C06F-4589-BBA2-0A95A12E767F}.Ad-Hoc|x86.Build.0 = Release|Any CPU
		{2A3B11E0-C06F-4589-BBA2-0A95A12E767F}.Ad-Hoc|x86.Deploy.0 = Release|Any CPU
		{2A3B11E0-C06F-4589-BBA2-0A95A12E767F}.AppStore|Any CPU.ActiveCfg = Release|Any CPU
		{2A3B11E0-C06F-4589-BBA2-0A95A12E767F}.AppStore|Any CPU.Build.0 = Release|Any CPU
		{2A3B11E0-C06F-4589-BBA2-0A95A12E767F}.AppStore|Any CPU.Deploy.0 = Release|Any CPU
		{2A3B11E0-C06F-4589-BBA2-0A95A12E767F}.AppStore|ARM.ActiveCfg = Release|Any CPU
		{2A3B11E0-C06F-4589-BBA2-0A95A12E767F}.AppStore|ARM.Build.0 = Release|Any CPU
		{2A3B11E0-C06F-4589-BBA2-0A95A12E767F}.AppStore|ARM.Deploy.0 = Release|Any CPU
		{2A3B11E0-C06F-4589-BBA2-0A95A12E767F}.AppStore|iPhone.ActiveCfg = Release|Any CPU
		{2A3B11E0-C06F-4589-BBA2-0A95A12E767F}.AppStore|iPhone.Build.0 = Release|Any CPU
		{2A3B11E0-C06F-4589-BBA2-0A95A12E767F}.AppStore|iPhone.Deploy.0 = Release|Any CPU
		{2A3B11E0-C06F-4589-BBA2-0A95A12E767F}.AppStore|iPhoneSimulator.ActiveCfg = Release|Any CPU
		{2A3B11E0-C06F-4589-BBA2-0A95A12E767F}.AppStore|iPhoneSimulator.Build.0 = Release|Any CPU
		{2A3B11E0-C06F-4589-BBA2-0A95A12E767F}.AppStore|iPhoneSimulator.Deploy.0 = Release|Any CPU
		{2A3B11E0-C06F-4589-BBA2-0A95A12E767F}.AppStore|x64.ActiveCfg = Release|Any CPU
		{2A3B11E0-C06F-4589-BBA2-0A95A12E767F}.AppStore|x64.Build.0 = Release|Any CPU
		{2A3B11E0-C06F-4589-BBA2-0A95A12E767F}.AppStore|x64.Deploy.0 = Release|Any CPU
		{2A3B11E0-C06F-4589-BBA2-0A95A12E767F}.AppStore|x86.ActiveCfg = Release|Any CPU
		{2A3B11E0-C06F-4589-BBA2-0A95A12E767F}.AppStore|x86.Build.0 = Release|Any CPU
		{2A3B11E0-C06F-4589-BBA2-0A95A12E767F}.AppStore|x86.Deploy.0 = Release|Any CPU
		{2A3B11E0-C06F-4589-BBA2-0A95A12E767F}.Debug|Any CPU.ActiveCfg = Debug|Any CPU
		{2A3B11E0-C06F-4589-BBA2-0A95A12E767F}.Debug|Any CPU.Build.0 = Debug|Any CPU
		{2A3B11E0-C06F-4589-BBA2-0A95A12E767F}.Debug|Any CPU.Deploy.0 = Debug|Any CPU
		{2A3B11E0-C06F-4589-BBA2-0A95A12E767F}.Debug|ARM.ActiveCfg = Debug|Any CPU
		{2A3B11E0-C06F-4589-BBA2-0A95A12E767F}.Debug|ARM.Build.0 = Debug|Any CPU
		{2A3B11E0-C06F-4589-BBA2-0A95A12E767F}.Debug|ARM.Deploy.0 = Debug|Any CPU
		{2A3B11E0-C06F-4589-BBA2-0A95A12E767F}.Debug|iPhone.ActiveCfg = Debug|Any CPU
		{2A3B11E0-C06F-4589-BBA2-0A95A12E767F}.Debug|iPhone.Build.0 = Debug|Any CPU
		{2A3B11E0-C06F-4589-BBA2-0A95A12E767F}.Debug|iPhone.Deploy.0 = Debug|Any CPU
		{2A3B11E0-C06F-4589-BBA2-0A95A12E767F}.Debug|iPhoneSimulator.ActiveCfg = Debug|Any CPU
		{2A3B11E0-C06F-4589-BBA2-0A95A12E767F}.Debug|iPhoneSimulator.Build.0 = Debug|Any CPU
		{2A3B11E0-C06F-4589-BBA2-0A95A12E767F}.Debug|iPhoneSimulator.Deploy.0 = Debug|Any CPU
		{2A3B11E0-C06F-4589-BBA2-0A95A12E767F}.Debug|x64.ActiveCfg = Debug|Any CPU
		{2A3B11E0-C06F-4589-BBA2-0A95A12E767F}.Debug|x64.Build.0 = Debug|Any CPU
		{2A3B11E0-C06F-4589-BBA2-0A95A12E767F}.Debug|x64.Deploy.0 = Debug|Any CPU
		{2A3B11E0-C06F-4589-BBA2-0A95A12E767F}.Debug|x86.ActiveCfg = Debug|Any CPU
		{2A3B11E0-C06F-4589-BBA2-0A95A12E767F}.Debug|x86.Build.0 = Debug|Any CPU
		{2A3B11E0-C06F-4589-BBA2-0A95A12E767F}.Debug|x86.Deploy.0 = Debug|Any CPU
		{2A3B11E0-C06F-4589-BBA2-0A95A12E767F}.Release|Any CPU.ActiveCfg = Release|Any CPU
		{2A3B11E0-C06F-4589-BBA2-0A95A12E767F}.Release|Any CPU.Build.0 = Release|Any CPU
		{2A3B11E0-C06F-4589-BBA2-0A95A12E767F}.Release|Any CPU.Deploy.0 = Release|Any CPU
		{2A3B11E0-C06F-4589-BBA2-0A95A12E767F}.Release|ARM.ActiveCfg = Release|Any CPU
		{2A3B11E0-C06F-4589-BBA2-0A95A12E767F}.Release|ARM.Build.0 = Release|Any CPU
		{2A3B11E0-C06F-4589-BBA2-0A95A12E767F}.Release|ARM.Deploy.0 = Release|Any CPU
		{2A3B11E0-C06F-4589-BBA2-0A95A12E767F}.Release|iPhone.ActiveCfg = Release|Any CPU
		{2A3B11E0-C06F-4589-BBA2-0A95A12E767F}.Release|iPhone.Build.0 = Release|Any CPU
		{2A3B11E0-C06F-4589-BBA2-0A95A12E767F}.Release|iPhone.Deploy.0 = Release|Any CPU
		{2A3B11E0-C06F-4589-BBA2-0A95A12E767F}.Release|iPhoneSimulator.ActiveCfg = Release|Any CPU
		{2A3B11E0-C06F-4589-BBA2-0A95A12E767F}.Release|iPhoneSimulator.Build.0 = Release|Any CPU
		{2A3B11E0-C06F-4589-BBA2-0A95A12E767F}.Release|iPhoneSimulator.Deploy.0 = Release|Any CPU
		{2A3B11E0-C06F-4589-BBA2-0A95A12E767F}.Release|x64.ActiveCfg = Release|Any CPU
		{2A3B11E0-C06F-4589-BBA2-0A95A12E767F}.Release|x64.Build.0 = Release|Any CPU
		{2A3B11E0-C06F-4589-BBA2-0A95A12E767F}.Release|x64.Deploy.0 = Release|Any CPU
		{2A3B11E0-C06F-4589-BBA2-0A95A12E767F}.Release|x86.ActiveCfg = Release|Any CPU
		{2A3B11E0-C06F-4589-BBA2-0A95A12E767F}.Release|x86.Build.0 = Release|Any CPU
		{2A3B11E0-C06F-4589-BBA2-0A95A12E767F}.Release|x86.Deploy.0 = Release|Any CPU
		{B370788B-8B69-4889-8FF2-D43159CD9D6A}.Ad-Hoc|Any CPU.ActiveCfg = Ad-Hoc|iPhone
		{B370788B-8B69-4889-8FF2-D43159CD9D6A}.Ad-Hoc|Any CPU.Build.0 = Ad-Hoc|iPhone
		{B370788B-8B69-4889-8FF2-D43159CD9D6A}.Ad-Hoc|Any CPU.Deploy.0 = Ad-Hoc|iPhone
		{B370788B-8B69-4889-8FF2-D43159CD9D6A}.Ad-Hoc|ARM.ActiveCfg = Ad-Hoc|iPhone
		{B370788B-8B69-4889-8FF2-D43159CD9D6A}.Ad-Hoc|ARM.Build.0 = Ad-Hoc|iPhone
		{B370788B-8B69-4889-8FF2-D43159CD9D6A}.Ad-Hoc|ARM.Deploy.0 = Ad-Hoc|iPhone
		{B370788B-8B69-4889-8FF2-D43159CD9D6A}.Ad-Hoc|iPhone.ActiveCfg = Ad-Hoc|iPhone
		{B370788B-8B69-4889-8FF2-D43159CD9D6A}.Ad-Hoc|iPhone.Build.0 = Ad-Hoc|iPhone
		{B370788B-8B69-4889-8FF2-D43159CD9D6A}.Ad-Hoc|iPhone.Deploy.0 = Ad-Hoc|iPhone
		{B370788B-8B69-4889-8FF2-D43159CD9D6A}.Ad-Hoc|iPhoneSimulator.ActiveCfg = Ad-Hoc|iPhoneSimulator
		{B370788B-8B69-4889-8FF2-D43159CD9D6A}.Ad-Hoc|iPhoneSimulator.Build.0 = Ad-Hoc|iPhoneSimulator
		{B370788B-8B69-4889-8FF2-D43159CD9D6A}.Ad-Hoc|iPhoneSimulator.Deploy.0 = Ad-Hoc|iPhoneSimulator
		{B370788B-8B69-4889-8FF2-D43159CD9D6A}.Ad-Hoc|x64.ActiveCfg = Ad-Hoc|iPhone
		{B370788B-8B69-4889-8FF2-D43159CD9D6A}.Ad-Hoc|x64.Build.0 = Ad-Hoc|iPhone
		{B370788B-8B69-4889-8FF2-D43159CD9D6A}.Ad-Hoc|x64.Deploy.0 = Ad-Hoc|iPhone
		{B370788B-8B69-4889-8FF2-D43159CD9D6A}.Ad-Hoc|x86.ActiveCfg = Ad-Hoc|iPhone
		{B370788B-8B69-4889-8FF2-D43159CD9D6A}.Ad-Hoc|x86.Build.0 = Ad-Hoc|iPhone
		{B370788B-8B69-4889-8FF2-D43159CD9D6A}.Ad-Hoc|x86.Deploy.0 = Ad-Hoc|iPhone
		{B370788B-8B69-4889-8FF2-D43159CD9D6A}.AppStore|Any CPU.ActiveCfg = AppStore|iPhone
		{B370788B-8B69-4889-8FF2-D43159CD9D6A}.AppStore|Any CPU.Build.0 = AppStore|iPhone
		{B370788B-8B69-4889-8FF2-D43159CD9D6A}.AppStore|Any CPU.Deploy.0 = AppStore|iPhone
		{B370788B-8B69-4889-8FF2-D43159CD9D6A}.AppStore|ARM.ActiveCfg = AppStore|iPhone
		{B370788B-8B69-4889-8FF2-D43159CD9D6A}.AppStore|ARM.Build.0 = AppStore|iPhone
		{B370788B-8B69-4889-8FF2-D43159CD9D6A}.AppStore|ARM.Deploy.0 = AppStore|iPhone
		{B370788B-8B69-4889-8FF2-D43159CD9D6A}.AppStore|iPhone.ActiveCfg = AppStore|iPhone
		{B370788B-8B69-4889-8FF2-D43159CD9D6A}.AppStore|iPhone.Build.0 = AppStore|iPhone
		{B370788B-8B69-4889-8FF2-D43159CD9D6A}.AppStore|iPhone.Deploy.0 = AppStore|iPhone
		{B370788B-8B69-4889-8FF2-D43159CD9D6A}.AppStore|iPhoneSimulator.ActiveCfg = AppStore|iPhoneSimulator
		{B370788B-8B69-4889-8FF2-D43159CD9D6A}.AppStore|iPhoneSimulator.Build.0 = AppStore|iPhoneSimulator
		{B370788B-8B69-4889-8FF2-D43159CD9D6A}.AppStore|iPhoneSimulator.Deploy.0 = AppStore|iPhoneSimulator
		{B370788B-8B69-4889-8FF2-D43159CD9D6A}.AppStore|x64.ActiveCfg = AppStore|iPhone
		{B370788B-8B69-4889-8FF2-D43159CD9D6A}.AppStore|x64.Build.0 = AppStore|iPhone
		{B370788B-8B69-4889-8FF2-D43159CD9D6A}.AppStore|x64.Deploy.0 = AppStore|iPhone
		{B370788B-8B69-4889-8FF2-D43159CD9D6A}.AppStore|x86.ActiveCfg = AppStore|iPhone
		{B370788B-8B69-4889-8FF2-D43159CD9D6A}.AppStore|x86.Build.0 = AppStore|iPhone
		{B370788B-8B69-4889-8FF2-D43159CD9D6A}.AppStore|x86.Deploy.0 = AppStore|iPhone
		{B370788B-8B69-4889-8FF2-D43159CD9D6A}.Debug|Any CPU.ActiveCfg = Debug|iPhoneSimulator
		{B370788B-8B69-4889-8FF2-D43159CD9D6A}.Debug|Any CPU.Build.0 = Debug|iPhoneSimulator
		{B370788B-8B69-4889-8FF2-D43159CD9D6A}.Debug|Any CPU.Deploy.0 = Debug|iPhoneSimulator
		{B370788B-8B69-4889-8FF2-D43159CD9D6A}.Debug|ARM.ActiveCfg = Debug|iPhone
		{B370788B-8B69-4889-8FF2-D43159CD9D6A}.Debug|ARM.Build.0 = Debug|iPhone
		{B370788B-8B69-4889-8FF2-D43159CD9D6A}.Debug|ARM.Deploy.0 = Debug|iPhone
		{B370788B-8B69-4889-8FF2-D43159CD9D6A}.Debug|iPhone.ActiveCfg = Debug|iPhone
		{B370788B-8B69-4889-8FF2-D43159CD9D6A}.Debug|iPhone.Build.0 = Debug|iPhone
		{B370788B-8B69-4889-8FF2-D43159CD9D6A}.Debug|iPhone.Deploy.0 = Debug|iPhone
		{B370788B-8B69-4889-8FF2-D43159CD9D6A}.Debug|iPhoneSimulator.ActiveCfg = Debug|iPhoneSimulator
		{B370788B-8B69-4889-8FF2-D43159CD9D6A}.Debug|iPhoneSimulator.Build.0 = Debug|iPhoneSimulator
		{B370788B-8B69-4889-8FF2-D43159CD9D6A}.Debug|iPhoneSimulator.Deploy.0 = Debug|iPhoneSimulator
		{B370788B-8B69-4889-8FF2-D43159CD9D6A}.Debug|x64.ActiveCfg = Debug|iPhone
		{B370788B-8B69-4889-8FF2-D43159CD9D6A}.Debug|x64.Build.0 = Debug|iPhone
		{B370788B-8B69-4889-8FF2-D43159CD9D6A}.Debug|x64.Deploy.0 = Debug|iPhone
		{B370788B-8B69-4889-8FF2-D43159CD9D6A}.Debug|x86.ActiveCfg = Debug|iPhone
		{B370788B-8B69-4889-8FF2-D43159CD9D6A}.Debug|x86.Build.0 = Debug|iPhone
		{B370788B-8B69-4889-8FF2-D43159CD9D6A}.Debug|x86.Deploy.0 = Debug|iPhone
		{B370788B-8B69-4889-8FF2-D43159CD9D6A}.Release|Any CPU.ActiveCfg = Release|iPhone
		{B370788B-8B69-4889-8FF2-D43159CD9D6A}.Release|Any CPU.Build.0 = Release|iPhone
		{B370788B-8B69-4889-8FF2-D43159CD9D6A}.Release|Any CPU.Deploy.0 = Release|iPhone
		{B370788B-8B69-4889-8FF2-D43159CD9D6A}.Release|ARM.ActiveCfg = Release|iPhone
		{B370788B-8B69-4889-8FF2-D43159CD9D6A}.Release|ARM.Build.0 = Release|iPhone
		{B370788B-8B69-4889-8FF2-D43159CD9D6A}.Release|ARM.Deploy.0 = Release|iPhone
		{B370788B-8B69-4889-8FF2-D43159CD9D6A}.Release|iPhone.ActiveCfg = Release|iPhone
		{B370788B-8B69-4889-8FF2-D43159CD9D6A}.Release|iPhone.Build.0 = Release|iPhone
		{B370788B-8B69-4889-8FF2-D43159CD9D6A}.Release|iPhone.Deploy.0 = Release|iPhone
		{B370788B-8B69-4889-8FF2-D43159CD9D6A}.Release|iPhoneSimulator.ActiveCfg = Release|iPhoneSimulator
		{B370788B-8B69-4889-8FF2-D43159CD9D6A}.Release|iPhoneSimulator.Build.0 = Release|iPhoneSimulator
		{B370788B-8B69-4889-8FF2-D43159CD9D6A}.Release|iPhoneSimulator.Deploy.0 = Release|iPhoneSimulator
		{B370788B-8B69-4889-8FF2-D43159CD9D6A}.Release|x64.ActiveCfg = Release|iPhone
		{B370788B-8B69-4889-8FF2-D43159CD9D6A}.Release|x64.Build.0 = Release|iPhone
		{B370788B-8B69-4889-8FF2-D43159CD9D6A}.Release|x64.Deploy.0 = Release|iPhone
		{B370788B-8B69-4889-8FF2-D43159CD9D6A}.Release|x86.ActiveCfg = Release|iPhone
		{B370788B-8B69-4889-8FF2-D43159CD9D6A}.Release|x86.Build.0 = Release|iPhone
		{B370788B-8B69-4889-8FF2-D43159CD9D6A}.Release|x86.Deploy.0 = Release|iPhone
		{E1FDC600-C598-4CEE-9077-8FFBF960D1E4}.Ad-Hoc|Any CPU.ActiveCfg = Release|x86
		{E1FDC600-C598-4CEE-9077-8FFBF960D1E4}.Ad-Hoc|Any CPU.Build.0 = Release|x86
		{E1FDC600-C598-4CEE-9077-8FFBF960D1E4}.Ad-Hoc|Any CPU.Deploy.0 = Release|x86
		{E1FDC600-C598-4CEE-9077-8FFBF960D1E4}.Ad-Hoc|ARM.ActiveCfg = Release|ARM
		{E1FDC600-C598-4CEE-9077-8FFBF960D1E4}.Ad-Hoc|ARM.Build.0 = Release|ARM
		{E1FDC600-C598-4CEE-9077-8FFBF960D1E4}.Ad-Hoc|ARM.Deploy.0 = Release|ARM
		{E1FDC600-C598-4CEE-9077-8FFBF960D1E4}.Ad-Hoc|iPhone.ActiveCfg = Release|x86
		{E1FDC600-C598-4CEE-9077-8FFBF960D1E4}.Ad-Hoc|iPhone.Build.0 = Release|x86
		{E1FDC600-C598-4CEE-9077-8FFBF960D1E4}.Ad-Hoc|iPhone.Deploy.0 = Release|x86
		{E1FDC600-C598-4CEE-9077-8FFBF960D1E4}.Ad-Hoc|iPhoneSimulator.ActiveCfg = Release|x86
		{E1FDC600-C598-4CEE-9077-8FFBF960D1E4}.Ad-Hoc|iPhoneSimulator.Build.0 = Release|x86
		{E1FDC600-C598-4CEE-9077-8FFBF960D1E4}.Ad-Hoc|iPhoneSimulator.Deploy.0 = Release|x86
		{E1FDC600-C598-4CEE-9077-8FFBF960D1E4}.Ad-Hoc|x64.ActiveCfg = Release|x64
		{E1FDC600-C598-4CEE-9077-8FFBF960D1E4}.Ad-Hoc|x64.Build.0 = Release|x64
		{E1FDC600-C598-4CEE-9077-8FFBF960D1E4}.Ad-Hoc|x64.Deploy.0 = Release|x64
		{E1FDC600-C598-4CEE-9077-8FFBF960D1E4}.Ad-Hoc|x86.ActiveCfg = Release|x86
		{E1FDC600-C598-4CEE-9077-8FFBF960D1E4}.Ad-Hoc|x86.Build.0 = Release|x86
		{E1FDC600-C598-4CEE-9077-8FFBF960D1E4}.Ad-Hoc|x86.Deploy.0 = Release|x86
		{E1FDC600-C598-4CEE-9077-8FFBF960D1E4}.AppStore|Any CPU.ActiveCfg = Release|x86
		{E1FDC600-C598-4CEE-9077-8FFBF960D1E4}.AppStore|Any CPU.Build.0 = Release|x86
		{E1FDC600-C598-4CEE-9077-8FFBF960D1E4}.AppStore|Any CPU.Deploy.0 = Release|x86
		{E1FDC600-C598-4CEE-9077-8FFBF960D1E4}.AppStore|ARM.ActiveCfg = Release|ARM
		{E1FDC600-C598-4CEE-9077-8FFBF960D1E4}.AppStore|ARM.Build.0 = Release|ARM
		{E1FDC600-C598-4CEE-9077-8FFBF960D1E4}.AppStore|ARM.Deploy.0 = Release|ARM
		{E1FDC600-C598-4CEE-9077-8FFBF960D1E4}.AppStore|iPhone.ActiveCfg = Release|x86
		{E1FDC600-C598-4CEE-9077-8FFBF960D1E4}.AppStore|iPhone.Build.0 = Release|x86
		{E1FDC600-C598-4CEE-9077-8FFBF960D1E4}.AppStore|iPhone.Deploy.0 = Release|x86
		{E1FDC600-C598-4CEE-9077-8FFBF960D1E4}.AppStore|iPhoneSimulator.ActiveCfg = Release|x86
		{E1FDC600-C598-4CEE-9077-8FFBF960D1E4}.AppStore|iPhoneSimulator.Build.0 = Release|x86
		{E1FDC600-C598-4CEE-9077-8FFBF960D1E4}.AppStore|iPhoneSimulator.Deploy.0 = Release|x86
		{E1FDC600-C598-4CEE-9077-8FFBF960D1E4}.AppStore|x64.ActiveCfg = Release|x64
		{E1FDC600-C598-4CEE-9077-8FFBF960D1E4}.AppStore|x64.Build.0 = Release|x64
		{E1FDC600-C598-4CEE-9077-8FFBF960D1E4}.AppStore|x64.Deploy.0 = Release|x64
		{E1FDC600-C598-4CEE-9077-8FFBF960D1E4}.AppStore|x86.ActiveCfg = Release|x86
		{E1FDC600-C598-4CEE-9077-8FFBF960D1E4}.AppStore|x86.Build.0 = Release|x86
		{E1FDC600-C598-4CEE-9077-8FFBF960D1E4}.AppStore|x86.Deploy.0 = Release|x86
		{E1FDC600-C598-4CEE-9077-8FFBF960D1E4}.Debug|Any CPU.ActiveCfg = Debug|x86
		{E1FDC600-C598-4CEE-9077-8FFBF960D1E4}.Debug|Any CPU.Build.0 = Debug|x86
		{E1FDC600-C598-4CEE-9077-8FFBF960D1E4}.Debug|Any CPU.Deploy.0 = Debug|x86
		{E1FDC600-C598-4CEE-9077-8FFBF960D1E4}.Debug|ARM.ActiveCfg = Debug|ARM
		{E1FDC600-C598-4CEE-9077-8FFBF960D1E4}.Debug|ARM.Build.0 = Debug|ARM
		{E1FDC600-C598-4CEE-9077-8FFBF960D1E4}.Debug|ARM.Deploy.0 = Debug|ARM
		{E1FDC600-C598-4CEE-9077-8FFBF960D1E4}.Debug|iPhone.ActiveCfg = Debug|x86
		{E1FDC600-C598-4CEE-9077-8FFBF960D1E4}.Debug|iPhone.Build.0 = Debug|x86
		{E1FDC600-C598-4CEE-9077-8FFBF960D1E4}.Debug|iPhone.Deploy.0 = Debug|x86
		{E1FDC600-C598-4CEE-9077-8FFBF960D1E4}.Debug|iPhoneSimulator.ActiveCfg = Debug|x86
		{E1FDC600-C598-4CEE-9077-8FFBF960D1E4}.Debug|iPhoneSimulator.Build.0 = Debug|x86
		{E1FDC600-C598-4CEE-9077-8FFBF960D1E4}.Debug|iPhoneSimulator.Deploy.0 = Debug|x86
		{E1FDC600-C598-4CEE-9077-8FFBF960D1E4}.Debug|x64.ActiveCfg = Debug|x64
		{E1FDC600-C598-4CEE-9077-8FFBF960D1E4}.Debug|x64.Build.0 = Debug|x64
		{E1FDC600-C598-4CEE-9077-8FFBF960D1E4}.Debug|x64.Deploy.0 = Debug|x64
		{E1FDC600-C598-4CEE-9077-8FFBF960D1E4}.Debug|x86.ActiveCfg = Debug|x86
		{E1FDC600-C598-4CEE-9077-8FFBF960D1E4}.Debug|x86.Build.0 = Debug|x86
		{E1FDC600-C598-4CEE-9077-8FFBF960D1E4}.Debug|x86.Deploy.0 = Debug|x86
		{E1FDC600-C598-4CEE-9077-8FFBF960D1E4}.Release|Any CPU.ActiveCfg = Release|x86
		{E1FDC600-C598-4CEE-9077-8FFBF960D1E4}.Release|Any CPU.Build.0 = Release|x86
		{E1FDC600-C598-4CEE-9077-8FFBF960D1E4}.Release|Any CPU.Deploy.0 = Release|x86
		{E1FDC600-C598-4CEE-9077-8FFBF960D1E4}.Release|ARM.ActiveCfg = Release|ARM
		{E1FDC600-C598-4CEE-9077-8FFBF960D1E4}.Release|ARM.Build.0 = Release|ARM
		{E1FDC600-C598-4CEE-9077-8FFBF960D1E4}.Release|ARM.Deploy.0 = Release|ARM
		{E1FDC600-C598-4CEE-9077-8FFBF960D1E4}.Release|iPhone.ActiveCfg = Release|x86
		{E1FDC600-C598-4CEE-9077-8FFBF960D1E4}.Release|iPhone.Build.0 = Release|x86
		{E1FDC600-C598-4CEE-9077-8FFBF960D1E4}.Release|iPhone.Deploy.0 = Release|x86
		{E1FDC600-C598-4CEE-9077-8FFBF960D1E4}.Release|iPhoneSimulator.ActiveCfg = Release|x86
		{E1FDC600-C598-4CEE-9077-8FFBF960D1E4}.Release|iPhoneSimulator.Build.0 = Release|x86
		{E1FDC600-C598-4CEE-9077-8FFBF960D1E4}.Release|iPhoneSimulator.Deploy.0 = Release|x86
		{E1FDC600-C598-4CEE-9077-8FFBF960D1E4}.Release|x64.ActiveCfg = Release|x64
		{E1FDC600-C598-4CEE-9077-8FFBF960D1E4}.Release|x64.Build.0 = Release|x64
		{E1FDC600-C598-4CEE-9077-8FFBF960D1E4}.Release|x64.Deploy.0 = Release|x64
		{E1FDC600-C598-4CEE-9077-8FFBF960D1E4}.Release|x86.ActiveCfg = Release|x86
		{E1FDC600-C598-4CEE-9077-8FFBF960D1E4}.Release|x86.Build.0 = Release|x86
		{E1FDC600-C598-4CEE-9077-8FFBF960D1E4}.Release|x86.Deploy.0 = Release|x86
		{89495049-EC0F-4863-88F0-296922F0D593}.Ad-Hoc|Any CPU.ActiveCfg = Debug|Any CPU
		{89495049-EC0F-4863-88F0-296922F0D593}.Ad-Hoc|Any CPU.Build.0 = Debug|Any CPU
		{89495049-EC0F-4863-88F0-296922F0D593}.Ad-Hoc|Any CPU.Deploy.0 = Debug|Any CPU
		{89495049-EC0F-4863-88F0-296922F0D593}.Ad-Hoc|ARM.ActiveCfg = Debug|Any CPU
		{89495049-EC0F-4863-88F0-296922F0D593}.Ad-Hoc|ARM.Build.0 = Debug|Any CPU
		{89495049-EC0F-4863-88F0-296922F0D593}.Ad-Hoc|ARM.Deploy.0 = Debug|Any CPU
		{89495049-EC0F-4863-88F0-296922F0D593}.Ad-Hoc|iPhone.ActiveCfg = Debug|Any CPU
		{89495049-EC0F-4863-88F0-296922F0D593}.Ad-Hoc|iPhone.Build.0 = Debug|Any CPU
		{89495049-EC0F-4863-88F0-296922F0D593}.Ad-Hoc|iPhone.Deploy.0 = Debug|Any CPU
		{89495049-EC0F-4863-88F0-296922F0D593}.Ad-Hoc|iPhoneSimulator.ActiveCfg = Debug|Any CPU
		{89495049-EC0F-4863-88F0-296922F0D593}.Ad-Hoc|iPhoneSimulator.Build.0 = Debug|Any CPU
		{89495049-EC0F-4863-88F0-296922F0D593}.Ad-Hoc|iPhoneSimulator.Deploy.0 = Debug|Any CPU
		{89495049-EC0F-4863-88F0-296922F0D593}.Ad-Hoc|x64.ActiveCfg = Debug|Any CPU
		{89495049-EC0F-4863-88F0-296922F0D593}.Ad-Hoc|x64.Build.0 = Debug|Any CPU
		{89495049-EC0F-4863-88F0-296922F0D593}.Ad-Hoc|x64.Deploy.0 = Debug|Any CPU
		{89495049-EC0F-4863-88F0-296922F0D593}.Ad-Hoc|x86.ActiveCfg = Debug|Any CPU
		{89495049-EC0F-4863-88F0-296922F0D593}.Ad-Hoc|x86.Build.0 = Debug|Any CPU
		{89495049-EC0F-4863-88F0-296922F0D593}.Ad-Hoc|x86.Deploy.0 = Debug|Any CPU
		{89495049-EC0F-4863-88F0-296922F0D593}.AppStore|Any CPU.ActiveCfg = Debug|Any CPU
		{89495049-EC0F-4863-88F0-296922F0D593}.AppStore|Any CPU.Build.0 = Debug|Any CPU
		{89495049-EC0F-4863-88F0-296922F0D593}.AppStore|Any CPU.Deploy.0 = Debug|Any CPU
		{89495049-EC0F-4863-88F0-296922F0D593}.AppStore|ARM.ActiveCfg = Debug|Any CPU
		{89495049-EC0F-4863-88F0-296922F0D593}.AppStore|ARM.Build.0 = Debug|Any CPU
		{89495049-EC0F-4863-88F0-296922F0D593}.AppStore|ARM.Deploy.0 = Debug|Any CPU
		{89495049-EC0F-4863-88F0-296922F0D593}.AppStore|iPhone.ActiveCfg = Debug|Any CPU
		{89495049-EC0F-4863-88F0-296922F0D593}.AppStore|iPhone.Build.0 = Debug|Any CPU
		{89495049-EC0F-4863-88F0-296922F0D593}.AppStore|iPhone.Deploy.0 = Debug|Any CPU
		{89495049-EC0F-4863-88F0-296922F0D593}.AppStore|iPhoneSimulator.ActiveCfg = Debug|Any CPU
		{89495049-EC0F-4863-88F0-296922F0D593}.AppStore|iPhoneSimulator.Build.0 = Debug|Any CPU
		{89495049-EC0F-4863-88F0-296922F0D593}.AppStore|iPhoneSimulator.Deploy.0 = Debug|Any CPU
		{89495049-EC0F-4863-88F0-296922F0D593}.AppStore|x64.ActiveCfg = Debug|Any CPU
		{89495049-EC0F-4863-88F0-296922F0D593}.AppStore|x64.Build.0 = Debug|Any CPU
		{89495049-EC0F-4863-88F0-296922F0D593}.AppStore|x64.Deploy.0 = Debug|Any CPU
		{89495049-EC0F-4863-88F0-296922F0D593}.AppStore|x86.ActiveCfg = Debug|Any CPU
		{89495049-EC0F-4863-88F0-296922F0D593}.AppStore|x86.Build.0 = Debug|Any CPU
		{89495049-EC0F-4863-88F0-296922F0D593}.AppStore|x86.Deploy.0 = Debug|Any CPU
		{89495049-EC0F-4863-88F0-296922F0D593}.Debug|Any CPU.ActiveCfg = Debug|Any CPU
		{89495049-EC0F-4863-88F0-296922F0D593}.Debug|Any CPU.Build.0 = Debug|Any CPU
		{89495049-EC0F-4863-88F0-296922F0D593}.Debug|Any CPU.Deploy.0 = Debug|Any CPU
		{89495049-EC0F-4863-88F0-296922F0D593}.Debug|ARM.ActiveCfg = Debug|Any CPU
		{89495049-EC0F-4863-88F0-296922F0D593}.Debug|ARM.Build.0 = Debug|Any CPU
		{89495049-EC0F-4863-88F0-296922F0D593}.Debug|ARM.Deploy.0 = Debug|Any CPU
		{89495049-EC0F-4863-88F0-296922F0D593}.Debug|iPhone.ActiveCfg = Debug|Any CPU
		{89495049-EC0F-4863-88F0-296922F0D593}.Debug|iPhone.Build.0 = Debug|Any CPU
		{89495049-EC0F-4863-88F0-296922F0D593}.Debug|iPhone.Deploy.0 = Debug|Any CPU
		{89495049-EC0F-4863-88F0-296922F0D593}.Debug|iPhoneSimulator.ActiveCfg = Debug|Any CPU
		{89495049-EC0F-4863-88F0-296922F0D593}.Debug|iPhoneSimulator.Build.0 = Debug|Any CPU
		{89495049-EC0F-4863-88F0-296922F0D593}.Debug|iPhoneSimulator.Deploy.0 = Debug|Any CPU
		{89495049-EC0F-4863-88F0-296922F0D593}.Debug|x64.ActiveCfg = Debug|Any CPU
		{89495049-EC0F-4863-88F0-296922F0D593}.Debug|x64.Build.0 = Debug|Any CPU
		{89495049-EC0F-4863-88F0-296922F0D593}.Debug|x64.Deploy.0 = Debug|Any CPU
		{89495049-EC0F-4863-88F0-296922F0D593}.Debug|x86.ActiveCfg = Debug|Any CPU
		{89495049-EC0F-4863-88F0-296922F0D593}.Debug|x86.Build.0 = Debug|Any CPU
		{89495049-EC0F-4863-88F0-296922F0D593}.Debug|x86.Deploy.0 = Debug|Any CPU
		{89495049-EC0F-4863-88F0-296922F0D593}.Release|Any CPU.ActiveCfg = Release|Any CPU
		{89495049-EC0F-4863-88F0-296922F0D593}.Release|Any CPU.Build.0 = Release|Any CPU
		{89495049-EC0F-4863-88F0-296922F0D593}.Release|Any CPU.Deploy.0 = Release|Any CPU
		{89495049-EC0F-4863-88F0-296922F0D593}.Release|ARM.ActiveCfg = Release|Any CPU
		{89495049-EC0F-4863-88F0-296922F0D593}.Release|ARM.Build.0 = Release|Any CPU
		{89495049-EC0F-4863-88F0-296922F0D593}.Release|ARM.Deploy.0 = Release|Any CPU
		{89495049-EC0F-4863-88F0-296922F0D593}.Release|iPhone.ActiveCfg = Release|Any CPU
		{89495049-EC0F-4863-88F0-296922F0D593}.Release|iPhone.Build.0 = Release|Any CPU
		{89495049-EC0F-4863-88F0-296922F0D593}.Release|iPhone.Deploy.0 = Release|Any CPU
		{89495049-EC0F-4863-88F0-296922F0D593}.Release|iPhoneSimulator.ActiveCfg = Release|Any CPU
		{89495049-EC0F-4863-88F0-296922F0D593}.Release|iPhoneSimulator.Build.0 = Release|Any CPU
		{89495049-EC0F-4863-88F0-296922F0D593}.Release|iPhoneSimulator.Deploy.0 = Release|Any CPU
		{89495049-EC0F-4863-88F0-296922F0D593}.Release|x64.ActiveCfg = Release|Any CPU
		{89495049-EC0F-4863-88F0-296922F0D593}.Release|x64.Build.0 = Release|Any CPU
		{89495049-EC0F-4863-88F0-296922F0D593}.Release|x64.Deploy.0 = Release|Any CPU
		{89495049-EC0F-4863-88F0-296922F0D593}.Release|x86.ActiveCfg = Release|Any CPU
		{89495049-EC0F-4863-88F0-296922F0D593}.Release|x86.Build.0 = Release|Any CPU
		{89495049-EC0F-4863-88F0-296922F0D593}.Release|x86.Deploy.0 = Release|Any CPU
	EndGlobalSection
	GlobalSection(SolutionProperties) = preSolution
		HideSolutionNode = FALSE
	EndGlobalSection
	GlobalSection(ExtensibilityGlobals) = postSolution
		SolutionGuid = {FC2547E0-0917-4BF0-8E0D-D337C898E02F}
	EndGlobalSection
EndGlobal
